PATH
  remote: ../..
  specs:
    diaspora_federation (0.2.5)
      faraday (>= 0.9.0, < 0.16.0)
      faraday_middleware (>= 0.10.0, < 0.13.0)
      nokogiri (~> 1.6, >= 1.6.8)
      typhoeus (~> 1.0)
      valid (~> 1.0)
    diaspora_federation-json_schema (0.2.5)
    diaspora_federation-test (0.2.5)
      diaspora_federation (= 0.2.5)
      fabrication (~> 2.16)
      uuid (~> 2.3, >= 2.3.8)

GEM
  remote: https://rubygems.org/
  specs:
    addressable (2.5.2)
      public_suffix (>= 2.0.2, < 4.0)
    crack (0.4.3)
      safe_yaml (~> 1.0.0)
    diff-lcs (1.3)
    docile (1.3.1)
    ethon (0.11.0)
      ffi (>= 1.3.0)
    fabrication (2.16.3)
    faraday (0.15.3)
      multipart-post (>= 1.2, < 3)
    faraday_middleware (0.12.2)
      faraday (>= 0.7.4, < 1.0)
    ffi (1.9.25)
    fuubar (2.3.2)
      rspec-core (~> 3.0)
      ruby-progressbar (~> 1.4)
    hashdiff (0.3.7)
    json (2.1.0)
    json-schema (2.8.0)
      addressable (>= 2.4)
    json-schema-rspec (0.0.4)
      json-schema (~> 2.5)
      rspec
    macaddr (1.7.1)
      systemu (~> 2.6.2)
    mini_portile2 (2.3.0)
    multipart-post (2.0.0)
    nokogiri (1.8.5)
      mini_portile2 (~> 2.3.0)
    nyan-cat-formatter (0.12.0)
      rspec (>= 2.99, >= 2.14.2, < 4)
    public_suffix (3.0.3)
    rake (12.3.1)
    rspec (3.8.0)
      rspec-core (~> 3.8.0)
      rspec-expectations (~> 3.8.0)
      rspec-mocks (~> 3.8.0)
    rspec-collection_matchers (1.1.3)
      rspec-expectations (>= 2.99.0.beta1)
    rspec-core (3.8.0)
      rspec-support (~> 3.8.0)
    rspec-expectations (3.8.1)
      diff-lcs (>= 1.2.0, < 2.0)
      rspec-support (~> 3.8.0)
    rspec-json_expectations (2.1.0)
    rspec-mocks (3.8.0)
      diff-lcs (>= 1.2.0, < 2.0)
      rspec-support (~> 3.8.0)
    rspec-support (3.8.0)
    ruby-progressbar (1.10.0)
    safe_yaml (1.0.4)
    simplecov (0.16.1)
      docile (~> 1.1)
      json (>= 1.8, < 3)
      simplecov-html (~> 0.10.0)
    simplecov-html (0.10.2)
    simplecov-rcov (0.2.3)
      simplecov (>= 0.4.1)
    systemu (2.6.5)
    typhoeus (1.3.0)
      ethon (>= 0.9.0)
    uuid (2.3.9)
      macaddr (~> 1.0)
    valid (1.2.0)
    webmock (3.4.2)
      addressable (>= 2.3.6)
      crack (>= 0.3.2)
      hashdiff

PLATFORMS
  ruby

DEPENDENCIES
  diaspora_federation!
  diaspora_federation-json_schema!
  diaspora_federation-test!
  fabrication (< 2.17.0)
  fuubar (= 2.3.2)
  json-schema-rspec (= 0.0.4)
  nyan-cat-formatter
  rake
  rspec (~> 3.8.0)
  rspec-collection_matchers (~> 1.1.2)
  rspec-json_expectations (~> 2.1)
  simplecov (= 0.16.1)
  simplecov-rcov (= 0.2.3)
  webmock (~> 3.0)

BUNDLED WITH
   1.16.5
